
Microsoft Visual Studio Solution File, Format Version 12.00
# Visual Studio 14
VisualStudioVersion = 14.0.25123.0
MinimumVisualStudioVersion = 10.0.40219.1
Project("{FAE04EC0-301F-11D3-BF4B-00C04F79EFBC}") = "Aurelia.Api", "Aurelia.Api\Aurelia.Api.csproj", "{E1F922FA-9912-46D4-9E5A-DAE05A14A72D}"
EndProject
Project("{E24C65DC-7377-472B-9ABA-BC803B73C61A}") = "Aurelia.Web", "Aurelia.Web\", "{2418C79B-6A72-4C74-BA99-4CB1DAE2A876}"
	ProjectSection(WebsiteProperties) = preProject
		TargetFrameworkMoniker = ".NETFramework,Version%3Dv4.0"
		Debug.AspNetCompiler.VirtualPath = "/localhost_20100"
		Debug.AspNetCompiler.PhysicalPath = "Aurelia.Web\"
		Debug.AspNetCompiler.TargetPath = "PrecompiledWeb\localhost_20100\"
		Debug.AspNetCompiler.Updateable = "true"
		Debug.AspNetCompiler.ForceOverwrite = "true"
		Debug.AspNetCompiler.FixedNames = "false"
		Debug.AspNetCompiler.Debug = "True"
		Release.AspNetCompiler.VirtualPath = "/localhost_20100"
		Release.AspNetCompiler.PhysicalPath = "Aurelia.Web\"
		Release.AspNetCompiler.TargetPath = "PrecompiledWeb\localhost_20100\"
		Release.AspNetCompiler.Updateable = "true"
		Release.AspNetCompiler.ForceOverwrite = "true"
		Release.AspNetCompiler.FixedNames = "false"
		Release.AspNetCompiler.Debug = "False"
		VWDPort = "20100"
		SlnRelativePath = "Aurelia.Web\"
	EndProjectSection
EndProject
Global
	GlobalSection(SolutionConfigurationPlatforms) = preSolution
		Debug|Any CPU = Debug|Any CPU
		Release|Any CPU = Release|Any CPU
	EndGlobalSection
	GlobalSection(ProjectConfigurationPlatforms) = postSolution
		{E1F922FA-9912-46D4-9E5A-DAE05A14A72D}.Debug|Any CPU.ActiveCfg = Debug|Any CPU
		{E1F922FA-9912-46D4-9E5A-DAE05A14A72D}.Debug|Any CPU.Build.0 = Debug|Any CPU
		{E1F922FA-9912-46D4-9E5A-DAE05A14A72D}.Release|Any CPU.ActiveCfg = Release|Any CPU
		{E1F922FA-9912-46D4-9E5A-DAE05A14A72D}.Release|Any CPU.Build.0 = Release|Any CPU
		{2418C79B-6A72-4C74-BA99-4CB1DAE2A876}.Debug|Any CPU.ActiveCfg = Debug|Any CPU
		{2418C79B-6A72-4C74-BA99-4CB1DAE2A876}.Debug|Any CPU.Build.0 = Debug|Any CPU
		{2418C79B-6A72-4C74-BA99-4CB1DAE2A876}.Release|Any CPU.ActiveCfg = Debug|Any CPU
		{2418C79B-6A72-4C74-BA99-4CB1DAE2A876}.Release|Any CPU.Build.0 = Debug|Any CPU
	EndGlobalSection
	GlobalSection(SolutionProperties) = preSolution
		HideSolutionNode = FALSE
	EndGlobalSection
EndGlobal
