
Microsoft Visual Studio Solution File, Format Version 12.00
# Visual Studio 14
VisualStudioVersion = 14.0.25123.0
MinimumVisualStudioVersion = 10.0.40219.1
Project("{FAE04EC0-301F-11D3-BF4B-00C04F79EFBC}") = "Aurelia.Api", "Aurelia.Api\Aurelia.Api.csproj", "{E1F922FA-9912-46D4-9E5A-DAE05A14A72D}"
EndProject
Project("{E24C65DC-7377-472B-9ABA-BC803B73C61A}") = "Aurelia.Web", "Aurelia.Web\", "{2418C79B-6A72-4C74-BA99-4CB1DAE2A876}"
	ProjectSection(WebsiteProperties) = preProject
		TargetFrameworkMoniker = ".NETFramework,Version%3Dv4.0"
		Debug.AspNetCompiler.VirtualPath = "/localhost_20100"
		Debug.AspNetCompiler.PhysicalPath = "Aurelia.Web\"
		Debug.AspNetCompiler.TargetPath = "PrecompiledWeb\localhost_20100\"
		Debug.AspNetCompiler.Updateable = "true"
		Debug.AspNetCompiler.ForceOverwrite = "true"
		Debug.AspNetCompiler.FixedNames = "false"
		Debug.AspNetCompiler.Debug = "True"
		Release.AspNetCompiler.VirtualPath = "/localhost_20100"
		Release.AspNetCompiler.PhysicalPath = "Aurelia.Web\"
		Release.AspNetCompiler.TargetPath = "PrecompiledWeb\localhost_20100\"
		Release.AspNetCompiler.Updateable = "true"
		Release.AspNetCompiler.ForceOverwrite = "true"
		Release.AspNetCompiler.FixedNames = "false"
		Release.AspNetCompiler.Debug = "False"
		VWDPort = "20100"
		SlnRelativePath = "Aurelia.Web\"
	EndProjectSection
EndProject
Project("{E24C65DC-7377-472B-9ABA-BC803B73C61A}") = "Aurelia.Demo_0", "Aurelia.Demo_0\", "{482BD7DD-B95D-4413-B534-1CDC25E223D6}"
	ProjectSection(WebsiteProperties) = preProject
		TargetFrameworkMoniker = ".NETFramework,Version%3Dv4.0"
		Debug.AspNetCompiler.VirtualPath = "/localhost_21245"
		Debug.AspNetCompiler.PhysicalPath = "Aurelia.Demo_0\"
		Debug.AspNetCompiler.TargetPath = "PrecompiledWeb\localhost_21245\"
		Debug.AspNetCompiler.Updateable = "true"
		Debug.AspNetCompiler.ForceOverwrite = "true"
		Debug.AspNetCompiler.FixedNames = "false"
		Debug.AspNetCompiler.Debug = "True"
		Release.AspNetCompiler.VirtualPath = "/localhost_21245"
		Release.AspNetCompiler.PhysicalPath = "Aurelia.Demo_0\"
		Release.AspNetCompiler.TargetPath = "PrecompiledWeb\localhost_21245\"
		Release.AspNetCompiler.Updateable = "true"
		Release.AspNetCompiler.ForceOverwrite = "true"
		Release.AspNetCompiler.FixedNames = "false"
		Release.AspNetCompiler.Debug = "False"
		VWDPort = "21245"
		SlnRelativePath = "Aurelia.Demo_0\"
	EndProjectSection
EndProject
Project("{E24C65DC-7377-472B-9ABA-BC803B73C61A}") = "Aurelia.Demo_1", "Aurelia.Demo_1\", "{9FBFBD55-1097-468E-8FEE-3D7B765357A7}"
	ProjectSection(WebsiteProperties) = preProject
		TargetFrameworkMoniker = ".NETFramework,Version%3Dv4.0"
		Debug.AspNetCompiler.VirtualPath = "/localhost_21715"
		Debug.AspNetCompiler.PhysicalPath = "Aurelia.Demo_1\"
		Debug.AspNetCompiler.TargetPath = "PrecompiledWeb\localhost_21715\"
		Debug.AspNetCompiler.Updateable = "true"
		Debug.AspNetCompiler.ForceOverwrite = "true"
		Debug.AspNetCompiler.FixedNames = "false"
		Debug.AspNetCompiler.Debug = "True"
		Release.AspNetCompiler.VirtualPath = "/localhost_21715"
		Release.AspNetCompiler.PhysicalPath = "Aurelia.Demo_1\"
		Release.AspNetCompiler.TargetPath = "PrecompiledWeb\localhost_21715\"
		Release.AspNetCompiler.Updateable = "true"
		Release.AspNetCompiler.ForceOverwrite = "true"
		Release.AspNetCompiler.FixedNames = "false"
		Release.AspNetCompiler.Debug = "False"
		VWDPort = "21715"
		SlnRelativePath = "Aurelia.Demo_1\"
	EndProjectSection
EndProject
Project("{E24C65DC-7377-472B-9ABA-BC803B73C61A}") = "Aurelia.Demo_2", "Aurelia.Demo_2\", "{95711FC1-F32C-4186-9872-1A2E56350359}"
	ProjectSection(WebsiteProperties) = preProject
		TargetFrameworkMoniker = ".NETFramework,Version%3Dv4.0"
		Debug.AspNetCompiler.VirtualPath = "/localhost_23066"
		Debug.AspNetCompiler.PhysicalPath = "Aurelia.Demo_2\"
		Debug.AspNetCompiler.TargetPath = "PrecompiledWeb\localhost_23066\"
		Debug.AspNetCompiler.Updateable = "true"
		Debug.AspNetCompiler.ForceOverwrite = "true"
		Debug.AspNetCompiler.FixedNames = "false"
		Debug.AspNetCompiler.Debug = "True"
		Release.AspNetCompiler.VirtualPath = "/localhost_23066"
		Release.AspNetCompiler.PhysicalPath = "Aurelia.Demo_2\"
		Release.AspNetCompiler.TargetPath = "PrecompiledWeb\localhost_23066\"
		Release.AspNetCompiler.Updateable = "true"
		Release.AspNetCompiler.ForceOverwrite = "true"
		Release.AspNetCompiler.FixedNames = "false"
		Release.AspNetCompiler.Debug = "False"
		VWDPort = "23066"
		SlnRelativePath = "Aurelia.Demo_2\"
	EndProjectSection
EndProject
Project("{E24C65DC-7377-472B-9ABA-BC803B73C61A}") = "Aurelia.Demo_3", "Aurelia.Demo_3\", "{0EA0C0F1-21EA-48F2-B137-D30B2D924501}"
	ProjectSection(WebsiteProperties) = preProject
		TargetFrameworkMoniker = ".NETFramework,Version%3Dv4.0"
		Debug.AspNetCompiler.VirtualPath = "/localhost_23195"
		Debug.AspNetCompiler.PhysicalPath = "Aurelia.Demo_3\"
		Debug.AspNetCompiler.TargetPath = "PrecompiledWeb\localhost_23195\"
		Debug.AspNetCompiler.Updateable = "true"
		Debug.AspNetCompiler.ForceOverwrite = "true"
		Debug.AspNetCompiler.FixedNames = "false"
		Debug.AspNetCompiler.Debug = "True"
		Release.AspNetCompiler.VirtualPath = "/localhost_23195"
		Release.AspNetCompiler.PhysicalPath = "Aurelia.Demo_3\"
		Release.AspNetCompiler.TargetPath = "PrecompiledWeb\localhost_23195\"
		Release.AspNetCompiler.Updateable = "true"
		Release.AspNetCompiler.ForceOverwrite = "true"
		Release.AspNetCompiler.FixedNames = "false"
		Release.AspNetCompiler.Debug = "False"
		VWDPort = "23195"
		SlnRelativePath = "Aurelia.Demo_3\"
	EndProjectSection
EndProject
Project("{E24C65DC-7377-472B-9ABA-BC803B73C61A}") = "Aurelia.Demo_4", "Aurelia.Demo_4\", "{A9730746-4DA4-4B2D-AF6A-BF47066FC5DA}"
	ProjectSection(WebsiteProperties) = preProject
		TargetFrameworkMoniker = ".NETFramework,Version%3Dv4.0"
		Debug.AspNetCompiler.VirtualPath = "/localhost_26612"
		Debug.AspNetCompiler.PhysicalPath = "Aurelia.Demo_4\"
		Debug.AspNetCompiler.TargetPath = "PrecompiledWeb\localhost_26612\"
		Debug.AspNetCompiler.Updateable = "true"
		Debug.AspNetCompiler.ForceOverwrite = "true"
		Debug.AspNetCompiler.FixedNames = "false"
		Debug.AspNetCompiler.Debug = "True"
		Release.AspNetCompiler.VirtualPath = "/localhost_26612"
		Release.AspNetCompiler.PhysicalPath = "Aurelia.Demo_4\"
		Release.AspNetCompiler.TargetPath = "PrecompiledWeb\localhost_26612\"
		Release.AspNetCompiler.Updateable = "true"
		Release.AspNetCompiler.ForceOverwrite = "true"
		Release.AspNetCompiler.FixedNames = "false"
		Release.AspNetCompiler.Debug = "False"
		VWDPort = "26612"
		SlnRelativePath = "Aurelia.Demo_4\"
	EndProjectSection
EndProject
Project("{E24C65DC-7377-472B-9ABA-BC803B73C61A}") = "Aurelia.Demo_5", "Aurelia.Demo_5\", "{754F3353-F755-434D-8258-F69333D38BB7}"
	ProjectSection(WebsiteProperties) = preProject
		TargetFrameworkMoniker = ".NETFramework,Version%3Dv4.0"
		Debug.AspNetCompiler.VirtualPath = "/localhost_1157"
		Debug.AspNetCompiler.PhysicalPath = "Aurelia.Demo_5\"
		Debug.AspNetCompiler.TargetPath = "PrecompiledWeb\localhost_1157\"
		Debug.AspNetCompiler.Updateable = "true"
		Debug.AspNetCompiler.ForceOverwrite = "true"
		Debug.AspNetCompiler.FixedNames = "false"
		Debug.AspNetCompiler.Debug = "True"
		Release.AspNetCompiler.VirtualPath = "/localhost_1157"
		Release.AspNetCompiler.PhysicalPath = "Aurelia.Demo_5\"
		Release.AspNetCompiler.TargetPath = "PrecompiledWeb\localhost_1157\"
		Release.AspNetCompiler.Updateable = "true"
		Release.AspNetCompiler.ForceOverwrite = "true"
		Release.AspNetCompiler.FixedNames = "false"
		Release.AspNetCompiler.Debug = "False"
		VWDPort = "1157"
		SlnRelativePath = "Aurelia.Demo_5\"
	EndProjectSection
EndProject
Project("{E24C65DC-7377-472B-9ABA-BC803B73C61A}") = "Aurelia.Demo_6", "Aurelia.Demo_6\", "{B2ECB7C5-8BB3-4081-993C-1778E7348909}"
	ProjectSection(WebsiteProperties) = preProject
		TargetFrameworkMoniker = ".NETFramework,Version%3Dv4.0"
		Debug.AspNetCompiler.VirtualPath = "/localhost_1121"
		Debug.AspNetCompiler.PhysicalPath = "Aurelia.Demo_6\"
		Debug.AspNetCompiler.TargetPath = "PrecompiledWeb\localhost_1121\"
		Debug.AspNetCompiler.Updateable = "true"
		Debug.AspNetCompiler.ForceOverwrite = "true"
		Debug.AspNetCompiler.FixedNames = "false"
		Debug.AspNetCompiler.Debug = "True"
		Release.AspNetCompiler.VirtualPath = "/localhost_1121"
		Release.AspNetCompiler.PhysicalPath = "Aurelia.Demo_6\"
		Release.AspNetCompiler.TargetPath = "PrecompiledWeb\localhost_1121\"
		Release.AspNetCompiler.Updateable = "true"
		Release.AspNetCompiler.ForceOverwrite = "true"
		Release.AspNetCompiler.FixedNames = "false"
		Release.AspNetCompiler.Debug = "False"
		VWDPort = "1121"
	EndProjectSection
EndProject
Global
	GlobalSection(SolutionConfigurationPlatforms) = preSolution
		Debug|Any CPU = Debug|Any CPU
		Release|Any CPU = Release|Any CPU
	EndGlobalSection
	GlobalSection(ProjectConfigurationPlatforms) = postSolution
		{E1F922FA-9912-46D4-9E5A-DAE05A14A72D}.Debug|Any CPU.ActiveCfg = Debug|Any CPU
		{E1F922FA-9912-46D4-9E5A-DAE05A14A72D}.Debug|Any CPU.Build.0 = Debug|Any CPU
		{E1F922FA-9912-46D4-9E5A-DAE05A14A72D}.Release|Any CPU.ActiveCfg = Release|Any CPU
		{E1F922FA-9912-46D4-9E5A-DAE05A14A72D}.Release|Any CPU.Build.0 = Release|Any CPU
		{2418C79B-6A72-4C74-BA99-4CB1DAE2A876}.Debug|Any CPU.ActiveCfg = Debug|Any CPU
		{2418C79B-6A72-4C74-BA99-4CB1DAE2A876}.Debug|Any CPU.Build.0 = Debug|Any CPU
		{2418C79B-6A72-4C74-BA99-4CB1DAE2A876}.Release|Any CPU.ActiveCfg = Debug|Any CPU
		{2418C79B-6A72-4C74-BA99-4CB1DAE2A876}.Release|Any CPU.Build.0 = Debug|Any CPU
		{482BD7DD-B95D-4413-B534-1CDC25E223D6}.Debug|Any CPU.ActiveCfg = Debug|Any CPU
		{482BD7DD-B95D-4413-B534-1CDC25E223D6}.Debug|Any CPU.Build.0 = Debug|Any CPU
		{482BD7DD-B95D-4413-B534-1CDC25E223D6}.Release|Any CPU.ActiveCfg = Debug|Any CPU
		{482BD7DD-B95D-4413-B534-1CDC25E223D6}.Release|Any CPU.Build.0 = Debug|Any CPU
		{9FBFBD55-1097-468E-8FEE-3D7B765357A7}.Debug|Any CPU.ActiveCfg = Debug|Any CPU
		{9FBFBD55-1097-468E-8FEE-3D7B765357A7}.Debug|Any CPU.Build.0 = Debug|Any CPU
		{9FBFBD55-1097-468E-8FEE-3D7B765357A7}.Release|Any CPU.ActiveCfg = Debug|Any CPU
		{9FBFBD55-1097-468E-8FEE-3D7B765357A7}.Release|Any CPU.Build.0 = Debug|Any CPU
		{95711FC1-F32C-4186-9872-1A2E56350359}.Debug|Any CPU.ActiveCfg = Debug|Any CPU
		{95711FC1-F32C-4186-9872-1A2E56350359}.Debug|Any CPU.Build.0 = Debug|Any CPU
		{95711FC1-F32C-4186-9872-1A2E56350359}.Release|Any CPU.ActiveCfg = Debug|Any CPU
		{95711FC1-F32C-4186-9872-1A2E56350359}.Release|Any CPU.Build.0 = Debug|Any CPU
		{0EA0C0F1-21EA-48F2-B137-D30B2D924501}.Debug|Any CPU.ActiveCfg = Debug|Any CPU
		{0EA0C0F1-21EA-48F2-B137-D30B2D924501}.Debug|Any CPU.Build.0 = Debug|Any CPU
		{0EA0C0F1-21EA-48F2-B137-D30B2D924501}.Release|Any CPU.ActiveCfg = Debug|Any CPU
		{0EA0C0F1-21EA-48F2-B137-D30B2D924501}.Release|Any CPU.Build.0 = Debug|Any CPU
		{A9730746-4DA4-4B2D-AF6A-BF47066FC5DA}.Debug|Any CPU.ActiveCfg = Debug|Any CPU
		{A9730746-4DA4-4B2D-AF6A-BF47066FC5DA}.Debug|Any CPU.Build.0 = Debug|Any CPU
		{A9730746-4DA4-4B2D-AF6A-BF47066FC5DA}.Release|Any CPU.ActiveCfg = Debug|Any CPU
		{A9730746-4DA4-4B2D-AF6A-BF47066FC5DA}.Release|Any CPU.Build.0 = Debug|Any CPU
		{754F3353-F755-434D-8258-F69333D38BB7}.Debug|Any CPU.ActiveCfg = Debug|Any CPU
		{754F3353-F755-434D-8258-F69333D38BB7}.Debug|Any CPU.Build.0 = Debug|Any CPU
		{754F3353-F755-434D-8258-F69333D38BB7}.Release|Any CPU.ActiveCfg = Debug|Any CPU
		{754F3353-F755-434D-8258-F69333D38BB7}.Release|Any CPU.Build.0 = Debug|Any CPU
		{B2ECB7C5-8BB3-4081-993C-1778E7348909}.Debug|Any CPU.ActiveCfg = Debug|Any CPU
		{B2ECB7C5-8BB3-4081-993C-1778E7348909}.Debug|Any CPU.Build.0 = Debug|Any CPU
		{B2ECB7C5-8BB3-4081-993C-1778E7348909}.Release|Any CPU.ActiveCfg = Debug|Any CPU
		{B2ECB7C5-8BB3-4081-993C-1778E7348909}.Release|Any CPU.Build.0 = Debug|Any CPU
	EndGlobalSection
	GlobalSection(SolutionProperties) = preSolution
		HideSolutionNode = FALSE
	EndGlobalSection
EndGlobal
